
Microsoft Visual Studio Solution File, Format Version 12.00
# Visual Studio Version 16
VisualStudioVersion = 16.0.30002.166
MinimumVisualStudioVersion = 10.0.40219.1
Project("{FAE04EC0-301F-11D3-BF4B-00C04F79EFBC}") = "9console", "9console\9console.csproj", "{582213A9-6576-4C37-9FF5-8C4EDEC4435D}"
EndProject
Global
	GlobalSection(SolutionConfigurationPlatforms) = preSolution
		Debug|Any CPU = Debug|Any CPU
		Release|Any CPU = Release|Any CPU
	EndGlobalSection
	GlobalSection(ProjectConfigurationPlatforms) = postSolution
		{582213A9-6576-4C37-9FF5-8C4EDEC4435D}.Debug|Any CPU.ActiveCfg = Debug|Any CPU
		{582213A9-6576-4C37-9FF5-8C4EDEC4435D}.Debug|Any CPU.Build.0 = Debug|Any CPU
		{582213A9-6576-4C37-9FF5-8C4EDEC4435D}.Release|Any CPU.ActiveCfg = Release|Any CPU
		{582213A9-6576-4C37-9FF5-8C4EDEC4435D}.Release|Any CPU.Build.0 = Release|Any CPU
	EndGlobalSection
	GlobalSection(SolutionProperties) = preSolution
		HideSolutionNode = FALSE
	EndGlobalSection
	GlobalSection(ExtensibilityGlobals) = postSolution
		SolutionGuid = {75841837-B1B5-4B54-8255-153CC278F94B}
	EndGlobalSection
EndGlobal
